
Microsoft Visual Studio Solution File, Format Version 12.00
# Visual Studio Version 16
VisualStudioVersion = 16.0.31624.102
MinimumVisualStudioVersion = 10.0.40219.1
Project("{9A19103F-16F7-4668-BE54-9A1E7A4F7556}") = "MessagingService.Api", "MessagingService.Api\MessagingService.Api.csproj", "{94F774E6-D675-4229-B1A5-C1DBB535C5D8}"
EndProject
Project("{FAE04EC0-301F-11D3-BF4B-00C04F79EFBC}") = "MessagingService.DataAccess", "MessagingService.DataAccess\MessagingService.DataAccess.csproj", "{4019B17C-E2F1-4033-8BED-72E715588EE5}"
EndProject
Global
	GlobalSection(SolutionConfigurationPlatforms) = preSolution
		Debug|Any CPU = Debug|Any CPU
		Release|Any CPU = Release|Any CPU
	EndGlobalSection
	GlobalSection(ProjectConfigurationPlatforms) = postSolution
		{94F774E6-D675-4229-B1A5-C1DBB535C5D8}.Debug|Any CPU.ActiveCfg = Debug|Any CPU
		{94F774E6-D675-4229-B1A5-C1DBB535C5D8}.Debug|Any CPU.Build.0 = Debug|Any CPU
		{94F774E6-D675-4229-B1A5-C1DBB535C5D8}.Release|Any CPU.ActiveCfg = Release|Any CPU
		{94F774E6-D675-4229-B1A5-C1DBB535C5D8}.Release|Any CPU.Build.0 = Release|Any CPU
		{4019B17C-E2F1-4033-8BED-72E715588EE5}.Debug|Any CPU.ActiveCfg = Debug|Any CPU
		{4019B17C-E2F1-4033-8BED-72E715588EE5}.Debug|Any CPU.Build.0 = Debug|Any CPU
		{4019B17C-E2F1-4033-8BED-72E715588EE5}.Release|Any CPU.ActiveCfg = Release|Any CPU
		{4019B17C-E2F1-4033-8BED-72E715588EE5}.Release|Any CPU.Build.0 = Release|Any CPU
	EndGlobalSection
	GlobalSection(SolutionProperties) = preSolution
		HideSolutionNode = FALSE
	EndGlobalSection
	GlobalSection(ExtensibilityGlobals) = postSolution
		SolutionGuid = {C6F5B7FC-B6FD-49F5-BB7F-1A249F21F553}
	EndGlobalSection
EndGlobal
